
Microsoft Visual Studio Solution File, Format Version 12.00
# Visual Studio Version 16
VisualStudioVersion = 16.0.29613.14
MinimumVisualStudioVersion = 10.0.40219.1
Project("{FAE04EC0-301F-11D3-BF4B-00C04F79EFBC}") = "ConsoleApp1", "ConsoleApp1\ConsoleApp1.csproj", "{665A84A7-188D-4BCA-B638-3146A2D8242A}"
EndProject
Global
	GlobalSection(SolutionConfigurationPlatforms) = preSolution
		Debug|Any CPU = Debug|Any CPU
		Release|Any CPU = Release|Any CPU
	EndGlobalSection
	GlobalSection(ProjectConfigurationPlatforms) = postSolution
		{665A84A7-188D-4BCA-B638-3146A2D8242A}.Debug|Any CPU.ActiveCfg = Debug|Any CPU
		{665A84A7-188D-4BCA-B638-3146A2D8242A}.Debug|Any CPU.Build.0 = Debug|Any CPU
		{665A84A7-188D-4BCA-B638-3146A2D8242A}.Release|Any CPU.ActiveCfg = Release|Any CPU
		{665A84A7-188D-4BCA-B638-3146A2D8242A}.Release|Any CPU.Build.0 = Release|Any CPU
	EndGlobalSection
	GlobalSection(SolutionProperties) = preSolution
		HideSolutionNode = FALSE
	EndGlobalSection
	GlobalSection(ExtensibilityGlobals) = postSolution
		SolutionGuid = {67BBC12C-9746-4A75-83A0-39808F4A331E}
	EndGlobalSection
EndGlobal
